<?xml version="1.0" encoding="UTF-8"?>
<Scheme
   LastUpgradeVersion = "0720"
   version = "1.3">
   <BuildAction
      parallelizeBuildables = "YES"
      buildImplicitDependencies = "YES">
      <BuildActionEntries>
         <BuildActionEntry
            buildForTesting = "YES"
            buildForRunning = "YES"
            buildForProfiling = "YES"
            buildForArchiving = "YES"
            buildForAnalyzing = "YES">
            <BuildableReference
               BuildableIdentifier = "primary"
               BlueprintIdentifier = "D8908FED1C96411E006799BF"
               BuildableName = "NSTimer&#x2014;&#x5fae;&#x4fe1;&#x6253;&#x98de;&#x673a;.app"
               BlueprintName = "NSTimer&#x2014;&#x5fae;&#x4fe1;&#x6253;&#x98de;&#x673a;"
               ReferencedContainer = "container:NSTimer&#x2014;&#x5fae;&#x4fe1;&#x6253;&#x98de;&#x673a;.xcodeproj">
            </BuildableReference>
         </BuildActionEntry>
      </BuildActionEntries>
   </BuildAction>
   <TestAction
      buildConfiguration = "Debug"
      selectedDebuggerIdentifier = "Xcode.DebuggerFoundation.Debugger.LLDB"
      selectedLauncherIdentifier = "Xcode.DebuggerFoundation.Launcher.LLDB"
      shouldUseLaunchSchemeArgsEnv = "YES">
      <Testables>
         <TestableReference
            skipped = "NO">
            <BuildableReference
               BuildableIdentifier = "primary"
               BlueprintIdentifier = "D89090061C96411E006799BF"
               BuildableName = "NSTimer&#x2014;&#x5fae;&#x4fe1;&#x6253;&#x98de;&#x673a;Tests.xctest"
               BlueprintName = "NSTimer&#x2014;&#x5fae;&#x4fe1;&#x6253;&#x98de;&#x673a;Tests"
               ReferencedContainer = "container:NSTimer&#x2014;&#x5fae;&#x4fe1;&#x6253;&#x98de;&#x673a;.xcodeproj">
            </BuildableReference>
         </TestableReference>
         <TestableReference
            skipped = "NO">
            <BuildableReference
               BuildableIdentifier = "primary"
               BlueprintIdentifier = "D89090111C96411E006799BF"
               BuildableName = "NSTimer&#x2014;&#x5fae;&#x4fe1;&#x6253;&#x98de;&#x673a;UITests.xctest"
               BlueprintName = "NSTimer&#x2014;&#x5fae;&#x4fe1;&#x6253;&#x98de;&#x673a;UITests"
               ReferencedContainer = "container:NSTimer&#x2014;&#x5fae;&#x4fe1;&#x6253;&#x98de;&#x673a;.xcodeproj">
            </BuildableReference>
         </TestableReference>
      </Testables>
      <MacroExpansion>
         <BuildableReference
            BuildableIdentifier = "primary"
            BlueprintIdentifier = "D8908FED1C96411E006799BF"
            BuildableName = "NSTimer&#x2014;&#x5fae;&#x4fe1;&#x6253;&#x98de;&#x673a;.app"
            BlueprintName = "NSTimer&#x2014;&#x5fae;&#x4fe1;&#x6253;&#x98de;&#x673a;"
            ReferencedContainer = "container:NSTimer&#x2014;&#x5fae;&#x4fe1;&#x6253;&#x98de;&#x673a;.xcodeproj">
         </BuildableReference>
      </MacroExpansion>
      <AdditionalOptions>
      </AdditionalOptions>
   </TestAction>
   <LaunchAction
      buildConfiguration = "Debug"
      selectedDebuggerIdentifier = "Xcode.DebuggerFoundation.Debugger.LLDB"
      selectedLauncherIdentifier = "Xcode.DebuggerFoundation.Launcher.LLDB"
      launchStyle = "0"
      useCustomWorkingDirectory = "NO"
      ignoresPersistentStateOnLaunch = "NO"
      debugDocumentVersioning = "YES"
      debugServiceExtension = "internal"
      allowLocationSimulation = "YES">
      <BuildableProductRunnable
         runnableDebuggingMode = "0">
         <BuildableReference
            BuildableIdentifier = "primary"
            BlueprintIdentifier = "D8908FED1C96411E006799BF"
            BuildableName = "NSTimer&#x2014;&#x5fae;&#x4fe1;&#x6253;&#x98de;&#x673a;.app"
            BlueprintName = "NSTimer&#x2014;&#x5fae;&#x4fe1;&#x6253;&#x98de;&#x673a;"
            ReferencedContainer = "container:NSTimer&#x2014;&#x5fae;&#x4fe1;&#x6253;&#x98de;&#x673a;.xcodeproj">
         </BuildableReference>
      </BuildableProductRunnable>
      <AdditionalOptions>
      </AdditionalOptions>
   </LaunchAction>
   <ProfileAction
      buildConfiguration = "Release"
      shouldUseLaunchSchemeArgsEnv = "YES"
      savedToolIdentifier = ""
      useCustomWorkingDirectory = "NO"
      debugDocumentVersioning = "YES">
      <BuildableProductRunnable
         runnableDebuggingMode = "0">
         <BuildableReference
            BuildableIdentifier = "primary"
            BlueprintIdentifier = "D8908FED1C96411E006799BF"
            BuildableName = "NSTimer&#x2014;&#x5fae;&#x4fe1;&#x6253;&#x98de;&#x673a;.app"
            BlueprintName = "NSTimer&#x2014;&#x5fae;&#x4fe1;&#x6253;&#x98de;&#x673a;"
            ReferencedContainer = "container:NSTimer&#x2014;&#x5fae;&#x4fe1;&#x6253;&#x98de;&#x673a;.xcodeproj">
         </BuildableReference>
      </BuildableProductRunnable>
   </ProfileAction>
   <AnalyzeAction
      buildConfiguration = "Debug">
   </AnalyzeAction>
   <ArchiveAction
      buildConfiguration = "Release"
      revealArchiveInOrganizer = "YES">
   </ArchiveAction>
</Scheme>
